github.com/robinxiang/socket_project/common v0.0.0-20231109185224-08b063bafd2a h1:43QTa9NnjL7lfMyT/mZsSN32oaB9hxLa4GOIr9Sck+w=
github.com/robinxiang/socket_project/common v0.0.0-20231109185224-08b063bafd2a/go.mod h1:L4Pao8nQ03rGRweIjcE+2xGzexQbe0/AC1FJ/ardnrQ=
github.com/robinxiang/socket_project/common v0.0.0-20231110032127-33e22b46b5cc h1:ip5ytrU1q8rEAJzgBJIJpWeVedHreX6Lv7M9MpvSIn4=
github.com/robinxiang/socket_project/common v0.0.0-20231110032127-33e22b46b5cc/go.mod h1:L4Pao8nQ03rGRweIjcE+2xGzexQbe0/AC1FJ/ardnrQ=
